
Microsoft Visual Studio Solution File, Format Version 12.00
# Visual Studio Version 17
VisualStudioVersion = 17.2.32516.85
MinimumVisualStudioVersion = 10.0.40219.1
Project("{FAE04EC0-301F-11D3-BF4B-00C04F79EFBC}") = "SLD521_FA1_JaredMoodley", "SLD521_FA1_JaredMoodley\SLD521_FA1_JaredMoodley.csproj", "{D0E536D7-E09D-4A12-8777-D0EF641E0197}"
EndProject
Global
	GlobalSection(SolutionConfigurationPlatforms) = preSolution
		Debug|Any CPU = Debug|Any CPU
		Release|Any CPU = Release|Any CPU
	EndGlobalSection
	GlobalSection(ProjectConfigurationPlatforms) = postSolution
		{D0E536D7-E09D-4A12-8777-D0EF641E0197}.Debug|Any CPU.ActiveCfg = Debug|Any CPU
		{D0E536D7-E09D-4A12-8777-D0EF641E0197}.Debug|Any CPU.Build.0 = Debug|Any CPU
		{D0E536D7-E09D-4A12-8777-D0EF641E0197}.Release|Any CPU.ActiveCfg = Release|Any CPU
		{D0E536D7-E09D-4A12-8777-D0EF641E0197}.Release|Any CPU.Build.0 = Release|Any CPU
	EndGlobalSection
	GlobalSection(SolutionProperties) = preSolution
		HideSolutionNode = FALSE
	EndGlobalSection
	GlobalSection(ExtensibilityGlobals) = postSolution
		SolutionGuid = {0E45B369-A24D-4C07-BFCE-DF3F330DB3D8}
	EndGlobalSection
EndGlobal
